// !$*UTF8*$!
{
	archiveVersion = 1;
	classes = {
	};
	objectVersion = 55;
	objects = {

/* Begin PBXBuildFile section */
		AC625CAE281792AA006A34D1 /* AppDelegate.swift in Sources */ = {isa = PBXBuildFile; fileRef = AC625CAD281792AA006A34D1 /* AppDelegate.swift */; };
		AC625CB0281792AA006A34D1 /* SceneDelegate.swift in Sources */ = {isa = PBXBuildFile; fileRef = AC625CAF281792AA006A34D1 /* SceneDelegate.swift */; };
		AC625CB2281792AA006A34D1 /* ViewController.swift in Sources */ = {isa = PBXBuildFile; fileRef = AC625CB1281792AA006A34D1 /* ViewController.swift */; };
		AC625CB5281792AA006A34D1 /* Main.storyboard in Resources */ = {isa = PBXBuildFile; fileRef = AC625CB3281792AA006A34D1 /* Main.storyboard */; };
		AC625CB7281792AB006A34D1 /* Assets.xcassets in Resources */ = {isa = PBXBuildFile; fileRef = AC625CB6281792AB006A34D1 /* Assets.xcassets */; };
		AC625CBA281792AB006A34D1 /* LaunchScreen.storyboard in Resources */ = {isa = PBXBuildFile; fileRef = AC625CB8281792AB006A34D1 /* LaunchScreen.storyboard */; };
		AC625CC5281792AB006A34D1 /* goracingTests.swift in Sources */ = {isa = PBXBuildFile; fileRef = AC625CC4281792AB006A34D1 /* goracingTests.swift */; };
		AC625CCF281792AC006A34D1 /* goracingUITests.swift in Sources */ = {isa = PBXBuildFile; fileRef = AC625CCE281792AC006A34D1 /* goracingUITests.swift */; };
		AC625CD1281792AC006A34D1 /* goracingUITestsLaunchTests.swift in Sources */ = {isa = PBXBuildFile; fileRef = AC625CD0281792AC006A34D1 /* goracingUITestsLaunchTests.swift */; };
/* End PBXBuildFile section */

/* Begin PBXContainerItemProxy section */
		AC625CC1281792AB006A34D1 /* PBXContainerItemProxy */ = {
			isa = PBXContainerItemProxy;
			containerPortal = AC625CA2281792AA006A34D1 /* Project object */;
			proxyType = 1;
			remoteGlobalIDString = AC625CA9281792AA006A34D1;
			remoteInfo = goracing;
		};
		AC625CCB281792AC006A34D1 /* PBXContainerItemProxy */ = {
			isa = PBXContainerItemProxy;
			containerPortal = AC625CA2281792AA006A34D1 /* Project object */;
			proxyType = 1;
			remoteGlobalIDString = AC625CA9281792AA006A34D1;
			remoteInfo = goracing;
		};
/* End PBXContainerItemProxy section */

/* Begin PBXFileReference section */
		AC625CAA281792AA006A34D1 /* goracing.app */ = {isa = PBXFileReference; explicitFileType = wrapper.application; includeInIndex = 0; path = goracing.app; sourceTree = BUILT_PRODUCTS_DIR; };
		AC625CAD281792AA006A34D1 /* AppDelegate.swift */ = {isa = PBXFileReference; lastKnownFileType = sourcecode.swift; path = AppDelegate.swift; sourceTree = "<group>"; };
		AC625CAF281792AA006A34D1 /* SceneDelegate.swift */ = {isa = PBXFileReference; lastKnownFileType = sourcecode.swift; path = SceneDelegate.swift; sourceTree = "<group>"; };
		AC625CB1281792AA006A34D1 /* ViewController.swift */ = {isa = PBXFileReference; lastKnownFileType = sourcecode.swift; path = ViewController.swift; sourceTree = "<group>"; };
		AC625CB4281792AA006A34D1 /* Base */ = {isa = PBXFileReference; lastKnownFileType = file.storyboard; name = Base; path = Base.lproj/Main.storyboard; sourceTree = "<group>"; };
		AC625CB6281792AB006A34D1 /* Assets.xcassets */ = {isa = PBXFileReference; lastKnownFileType = folder.assetcatalog; path = Assets.xcassets; sourceTree = "<group>"; };
		AC625CB9281792AB006A34D1 /* Base */ = {isa = PBXFileReference; lastKnownFileType = file.storyboard; name = Base; path = Base.lproj/LaunchScreen.storyboard; sourceTree = "<group>"; };
		AC625CBB281792AB006A34D1 /* Info.plist */ = {isa = PBXFileReference; lastKnownFileType = text.plist.xml; path = Info.plist; sourceTree = "<group>"; };
		AC625CC0281792AB006A34D1 /* goracingTests.xctest */ = {isa = PBXFileReference; explicitFileType = wrapper.cfbundle; includeInIndex = 0; path = goracingTests.xctest; sourceTree = BUILT_PRODUCTS_DIR; };
		AC625CC4281792AB006A34D1 /* goracingTests.swift */ = {isa = PBXFileReference; lastKnownFileType = sourcecode.swift; path = goracingTests.swift; sourceTree = "<group>"; };
		AC625CCA281792AC006A34D1 /* goracingUITests.xctest */ = {isa = PBXFileReference; explicitFileType = wrapper.cfbundle; includeInIndex = 0; path = goracingUITests.xctest; sourceTree = BUILT_PRODUCTS_DIR; };
		AC625CCE281792AC006A34D1 /* goracingUITests.swift */ = {isa = PBXFileReference; lastKnownFileType = sourcecode.swift; path = goracingUITests.swift; sourceTree = "<group>"; };
		AC625CD0281792AC006A34D1 /* goracingUITestsLaunchTests.swift */ = {isa = PBXFileReference; lastKnownFileType = sourcecode.swift; path = goracingUITestsLaunchTests.swift; sourceTree = "<group>"; };
/* End PBXFileReference section */

/* Begin PBXFrameworksBuildPhase section */
		AC625CA7281792AA006A34D1 /* Frameworks */ = {
			isa = PBXFrameworksBuildPhase;
			buildActionMask = 2147483647;
			files = (
			);
			runOnlyForDeploymentPostprocessing = 0;
		};
		AC625CBD281792AB006A34D1 /* Frameworks */ = {
			isa = PBXFrameworksBuildPhase;
			buildActionMask = 2147483647;
			files = (
			);
			runOnlyForDeploymentPostprocessing = 0;
		};
		AC625CC7281792AC006A34D1 /* Frameworks */ = {
			isa = PBXFrameworksBuildPhase;
			buildActionMask = 2147483647;
			files = (
			);
			runOnlyForDeploymentPostprocessing = 0;
		};
/* End PBXFrameworksBuildPhase section */

/* Begin PBXGroup section */
		AC625CA1281792AA006A34D1 = {
			isa = PBXGroup;
			children = (
				AC625CAC281792AA006A34D1 /* goracing */,
				AC625CC3281792AB006A34D1 /* goracingTests */,
				AC625CCD281792AC006A34D1 /* goracingUITests */,
				AC625CAB281792AA006A34D1 /* Products */,
			);
			sourceTree = "<group>";
		};
		AC625CAB281792AA006A34D1 /* Products */ = {
			isa = PBXGroup;
			children = (
				AC625CAA281792AA006A34D1 /* goracing.app */,
				AC625CC0281792AB006A34D1 /* goracingTests.xctest */,
				AC625CCA281792AC006A34D1 /* goracingUITests.xctest */,
			);
			name = Products;
			sourceTree = "<group>";
		};
		AC625CAC281792AA006A34D1 /* goracing */ = {
			isa = PBXGroup;
			children = (
				AC625CAD281792AA006A34D1 /* AppDelegate.swift */,
				AC625CAF281792AA006A34D1 /* SceneDelegate.swift */,
				AC625CB1281792AA006A34D1 /* ViewController.swift */,
				AC625CB3281792AA006A34D1 /* Main.storyboard */,
				AC625CB6281792AB006A34D1 /* Assets.xcassets */,
				AC625CB8281792AB006A34D1 /* LaunchScreen.storyboard */,
				AC625CBB281792AB006A34D1 /* Info.plist */,
			);
			path = goracing;
			sourceTree = "<group>";
		};
		AC625CC3281792AB006A34D1 /* goracingTests */ = {
			isa = PBXGroup;
			children = (
				AC625CC4281792AB006A34D1 /* goracingTests.swift */,
			);
			path = goracingTests;
			sourceTree = "<group>";
		};
		AC625CCD281792AC006A34D1 /* goracingUITests */ = {
			isa = PBXGroup;
			children = (
				AC625CCE281792AC006A34D1 /* goracingUITests.swift */,
				AC625CD0281792AC006A34D1 /* goracingUITestsLaunchTests.swift */,
			);
			path = goracingUITests;
			sourceTree = "<group>";
		};
/* End PBXGroup section */

/* Begin PBXNativeTarget section */
		AC625CA9281792AA006A34D1 /* goracing */ = {
			isa = PBXNativeTarget;
			buildConfigurationList = AC625CD4281792AC006A34D1 /* Build configuration list for PBXNativeTarget "goracing" */;
			buildPhases = (
				AC625CA6281792AA006A34D1 /* Sources */,
				AC625CA7281792AA006A34D1 /* Frameworks */,
				AC625CA8281792AA006A34D1 /* Resources */,
			);
			buildRules = (
			);
			dependencies = (
			);
			name = goracing;
			productName = goracing;
			productReference = AC625CAA281792AA006A34D1 /* goracing.app */;
			productType = "com.apple.product-type.application";
		};
		AC625CBF281792AB006A34D1 /* goracingTests */ = {
			isa = PBXNativeTarget;
			buildConfigurationList = AC625CD7281792AC006A34D1 /* Build configuration list for PBXNativeTarget "goracingTests" */;
			buildPhases = (
				AC625CBC281792AB006A34D1 /* Sources */,
				AC625CBD281792AB006A34D1 /* Frameworks */,
				AC625CBE281792AB006A34D1 /* Resources */,
			);
			buildRules = (
			);
			dependencies = (
				AC625CC2281792AB006A34D1 /* PBXTargetDependency */,
			);
			name = goracingTests;
			productName = goracingTests;
			productReference = AC625CC0281792AB006A34D1 /* goracingTests.xctest */;
			productType = "com.apple.product-type.bundle.unit-test";
		};
		AC625CC9281792AC006A34D1 /* goracingUITests */ = {
			isa = PBXNativeTarget;
			buildConfigurationList = AC625CDA281792AC006A34D1 /* Build configuration list for PBXNativeTarget "goracingUITests" */;
			buildPhases = (
				AC625CC6281792AC006A34D1 /* Sources */,
				AC625CC7281792AC006A34D1 /* Frameworks */,
				AC625CC8281792AC006A34D1 /* Resources */,
			);
			buildRules = (
			);
			dependencies = (
				AC625CCC281792AC006A34D1 /* PBXTargetDependency */,
			);
			name = goracingUITests;
			productName = goracingUITests;
			productReference = AC625CCA281792AC006A34D1 /* goracingUITests.xctest */;
			productType = "com.apple.product-type.bundle.ui-testing";
		};
/* End PBXNativeTarget section */

/* Begin PBXProject section */
		AC625CA2281792AA006A34D1 /* Project object */ = {
			isa = PBXProject;
			attributes = {
				BuildIndependentTargetsInParallel = 1;
				LastSwiftUpdateCheck = 1320;
				LastUpgradeCheck = 1320;
				TargetAttributes = {
					AC625CA9281792AA006A34D1 = {
						CreatedOnToolsVersion = 13.2.1;
					};
					AC625CBF281792AB006A34D1 = {
						CreatedOnToolsVersion = 13.2.1;
						TestTargetID = AC625CA9281792AA006A34D1;
					};
					AC625CC9281792AC006A34D1 = {
						CreatedOnToolsVersion = 13.2.1;
						TestTargetID = AC625CA9281792AA006A34D1;
					};
				};
			};
			buildConfigurationList = AC625CA5281792AA006A34D1 /* Build configuration list for PBXProject "goracing" */;
			compatibilityVersion = "Xcode 13.0";
			developmentRegion = en;
			hasScannedForEncodings = 0;
			knownRegions = (
				en,
				Base,
			);
			mainGroup = AC625CA1281792AA006A34D1;
			productRefGroup = AC625CAB281792AA006A34D1 /* Products */;
			projectDirPath = "";
			projectRoot = "";
			targets = (
				AC625CA9281792AA006A34D1 /* goracing */,
				AC625CBF281792AB006A34D1 /* goracingTests */,
				AC625CC9281792AC006A34D1 /* goracingUITests */,
			);
		};
/* End PBXProject section */

/* Begin PBXResourcesBuildPhase section */
		AC625CA8281792AA006A34D1 /* Resources */ = {
			isa = PBXResourcesBuildPhase;
			buildActionMask = 2147483647;
			files = (
				AC625CBA281792AB006A34D1 /* LaunchScreen.storyboard in Resources */,
				AC625CB7281792AB006A34D1 /* Assets.xcassets in Resources */,
				AC625CB5281792AA006A34D1 /* Main.storyboard in Resources */,
			);
			runOnlyForDeploymentPostprocessing = 0;
		};
		AC625CBE281792AB006A34D1 /* Resources */ = {
			isa = PBXResourcesBuildPhase;
			buildActionMask = 2147483647;
			files = (
			);
			runOnlyForDeploymentPostprocessing = 0;
		};
		AC625CC8281792AC006A34D1 /* Resources */ = {
			isa = PBXResourcesBuildPhase;
			buildActionMask = 2147483647;
			files = (
			);
			runOnlyForDeploymentPostprocessing = 0;
		};
/* End PBXResourcesBuildPhase section */

/* Begin PBXSourcesBuildPhase section */
		AC625CA6281792AA006A34D1 /* Sources */ = {
			isa = PBXSourcesBuildPhase;
			buildActionMask = 2147483647;
			files = (
				AC625CB2281792AA006A34D1 /* ViewController.swift in Sources */,
				AC625CAE281792AA006A34D1 /* AppDelegate.swift in Sources */,
				AC625CB0281792AA006A34D1 /* SceneDelegate.swift in Sources */,
			);
			runOnlyForDeploymentPostprocessing = 0;
		};
		AC625CBC281792AB006A34D1 /* Sources */ = {
			isa = PBXSourcesBuildPhase;
			buildActionMask = 2147483647;
			files = (
				AC625CC5281792AB006A34D1 /* goracingTests.swift in Sources */,
			);
			runOnlyForDeploymentPostprocessing = 0;
		};
		AC625CC6281792AC006A34D1 /* Sources */ = {
			isa = PBXSourcesBuildPhase;
			buildActionMask = 2147483647;
			files = (
				AC625CD1281792AC006A34D1 /* goracingUITestsLaunchTests.swift in Sources */,
				AC625CCF281792AC006A34D1 /* goracingUITests.swift in Sources */,
			);
			runOnlyForDeploymentPostprocessing = 0;
		};
/* End PBXSourcesBuildPhase section */

/* Begin PBXTargetDependency section */
		AC625CC2281792AB006A34D1 /* PBXTargetDependency */ = {
			isa = PBXTargetDependency;
			target = AC625CA9281792AA006A34D1 /* goracing */;
			targetProxy = AC625CC1281792AB006A34D1 /* PBXContainerItemProxy */;
		};
		AC625CCC281792AC006A34D1 /* PBXTargetDependency */ = {
			isa = PBXTargetDependency;
			target = AC625CA9281792AA006A34D1 /* goracing */;
			targetProxy = AC625CCB281792AC006A34D1 /* PBXContainerItemProxy */;
		};
/* End PBXTargetDependency section */

/* Begin PBXVariantGroup section */
		AC625CB3281792AA006A34D1 /* Main.storyboard */ = {
			isa = PBXVariantGroup;
			children = (
				AC625CB4281792AA006A34D1 /* Base */,
			);
			name = Main.storyboard;
			sourceTree = "<group>";
		};
		AC625CB8281792AB006A34D1 /* LaunchScreen.storyboard */ = {
			isa = PBXVariantGroup;
			children = (
				AC625CB9281792AB006A34D1 /* Base */,
			);
			name = LaunchScreen.storyboard;
			sourceTree = "<group>";
		};
/* End PBXVariantGroup section */

/* Begin XCBuildConfiguration section */
		AC625CD2281792AC006A34D1 /* Debug */ = {
			isa = XCBuildConfiguration;
			buildSettings = {
				ALWAYS_SEARCH_USER_PATHS = NO;
				CLANG_ANALYZER_NONNULL = YES;
				CLANG_ANALYZER_NUMBER_OBJECT_CONVERSION = YES_AGGRESSIVE;
				CLANG_CXX_LANGUAGE_STANDARD = "gnu++17";
				CLANG_CXX_LIBRARY = "libc++";
				CLANG_ENABLE_MODULES = YES;
				CLANG_ENABLE_OBJC_ARC = YES;
				CLANG_ENABLE_OBJC_WEAK = YES;
				CLANG_WARN_BLOCK_CAPTURE_AUTORELEASING = YES;
				CLANG_WARN_BOOL_CONVERSION = YES;
				CLANG_WARN_COMMA = YES;
				CLANG_WARN_CONSTANT_CONVERSION = YES;
				CLANG_WARN_DEPRECATED_OBJC_IMPLEMENTATIONS = YES;
				CLANG_WARN_DIRECT_OBJC_ISA_USAGE = YES_ERROR;
				CLANG_WARN_DOCUMENTATION_COMMENTS = YES;
				CLANG_WARN_EMPTY_BODY = YES;
				CLANG_WARN_ENUM_CONVERSION = YES;
				CLANG_WARN_INFINITE_RECURSION = YES;
				CLANG_WARN_INT_CONVERSION = YES;
				CLANG_WARN_NON_LITERAL_NULL_CONVERSION = YES;
				CLANG_WARN_OBJC_IMPLICIT_RETAIN_SELF = YES;
				CLANG_WARN_OBJC_LITERAL_CONVERSION = YES;
				CLANG_WARN_OBJC_ROOT_CLASS = YES_ERROR;
				CLANG_WARN_QUOTED_INCLUDE_IN_FRAMEWORK_HEADER = YES;
				CLANG_WARN_RANGE_LOOP_ANALYSIS = YES;
				CLANG_WARN_STRICT_PROTOTYPES = YES;
				CLANG_WARN_SUSPICIOUS_MOVE = YES;
				CLANG_WARN_UNGUARDED_AVAILABILITY = YES_AGGRESSIVE;
				CLANG_WARN_UNREACHABLE_CODE = YES;
				CLANG_WARN__DUPLICATE_METHOD_MATCH = YES;
				COPY_PHASE_STRIP = NO;
				DEBUG_INFORMATION_FORMAT = dwarf;
				ENABLE_STRICT_OBJC_MSGSEND = YES;
				ENABLE_TESTABILITY = YES;
				GCC_C_LANGUAGE_STANDARD = gnu11;
				GCC_DYNAMIC_NO_PIC = NO;
				GCC_NO_COMMON_BLOCKS = YES;
				GCC_OPTIMIZATION_LEVEL = 0;
				GCC_PREPROCESSOR_DEFINITIONS = (
					"DEBUG=1",
					"$(inherited)",
				);
				GCC_WARN_64_TO_32_BIT_CONVERSION = YES;
				GCC_WARN_ABOUT_RETURN_TYPE = YES_ERROR;
				GCC_WARN_UNDECLARED_SELECTOR = YES;
				GCC_WARN_UNINITIALIZED_AUTOS = YES_AGGRESSIVE;
				GCC_WARN_UNUSED_FUNCTION = YES;
				GCC_WARN_UNUSED_VARIABLE = YES;
				IPHONEOS_DEPLOYMENT_TARGET = 15.2;
				MTL_ENABLE_DEBUG_INFO = INCLUDE_SOURCE;
				MTL_FAST_MATH = YES;
				ONLY_ACTIVE_ARCH = YES;
				SDKROOT = iphoneos;
				SWIFT_ACTIVE_COMPILATION_CONDITIONS = DEBUG;
				SWIFT_OPTIMIZATION_LEVEL = "-Onone";
			};
			name = Debug;
		};
		AC625CD3281792AC006A34D1 /* Release */ = {
			isa = XCBuildConfiguration;
			buildSettings = {
				ALWAYS_SEARCH_USER_PATHS = NO;
				CLANG_ANALYZER_NONNULL = YES;
				CLANG_ANALYZER_NUMBER_OBJECT_CONVERSION = YES_AGGRESSIVE;
				CLANG_CXX_LANGUAGE_STANDARD = "gnu++17";
				CLANG_CXX_LIBRARY = "libc++";
				CLANG_ENABLE_MODULES = YES;
				CLANG_ENABLE_OBJC_ARC = YES;
				CLANG_ENABLE_OBJC_WEAK = YES;
				CLANG_WARN_BLOCK_CAPTURE_AUTORELEASING = YES;
				CLANG_WARN_BOOL_CONVERSION = YES;
				CLANG_WARN_COMMA = YES;
				CLANG_WARN_CONSTANT_CONVERSION = YES;
				CLANG_WARN_DEPRECATED_OBJC_IMPLEMENTATIONS = YES;
				CLANG_WARN_DIRECT_OBJC_ISA_USAGE = YES_ERROR;
				CLANG_WARN_DOCUMENTATION_COMMENTS = YES;
				CLANG_WARN_EMPTY_BODY = YES;
				CLANG_WARN_ENUM_CONVERSION = YES;
				CLANG_WARN_INFINITE_RECURSION = YES;
				CLANG_WARN_INT_CONVERSION = YES;
				CLANG_WARN_NON_LITERAL_NULL_CONVERSION = YES;
				CLANG_WARN_OBJC_IMPLICIT_RETAIN_SELF = YES;
				CLANG_WARN_OBJC_LITERAL_CONVERSION = YES;
				CLANG_WARN_OBJC_ROOT_CLASS = YES_ERROR;
				CLANG_WARN_QUOTED_INCLUDE_IN_FRAMEWORK_HEADER = YES;
				CLANG_WARN_RANGE_LOOP_ANALYSIS = YES;
				CLANG_WARN_STRICT_PROTOTYPES = YES;
				CLANG_WARN_SUSPICIOUS_MOVE = YES;
				CLANG_WARN_UNGUARDED_AVAILABILITY = YES_AGGRESSIVE;
				CLANG_WARN_UNREACHABLE_CODE = YES;
				CLANG_WARN__DUPLICATE_METHOD_MATCH = YES;
				COPY_PHASE_STRIP = NO;
				DEBUG_INFORMATION_FORMAT = "dwarf-with-dsym";
				ENABLE_NS_ASSERTIONS = NO;
				ENABLE_STRICT_OBJC_MSGSEND = YES;
				GCC_C_LANGUAGE_STANDARD = gnu11;
				GCC_NO_COMMON_BLOCKS = YES;
				GCC_WARN_64_TO_32_BIT_CONVERSION = YES;
				GCC_WARN_ABOUT_RETURN_TYPE = YES_ERROR;
				GCC_WARN_UNDECLARED_SELECTOR = YES;
				GCC_WARN_UNINITIALIZED_AUTOS = YES_AGGRESSIVE;
				GCC_WARN_UNUSED_FUNCTION = YES;
				GCC_WARN_UNUSED_VARIABLE = YES;
				IPHONEOS_DEPLOYMENT_TARGET = 15.2;
				MTL_ENABLE_DEBUG_INFO = NO;
				MTL_FAST_MATH = YES;
				SDKROOT = iphoneos;
				SWIFT_COMPILATION_MODE = wholemodule;
				SWIFT_OPTIMIZATION_LEVEL = "-O";
				VALIDATE_PRODUCT = YES;
			};
			name = Release;
		};
		AC625CD5281792AC006A34D1 /* Debug */ = {
			isa = XCBuildConfiguration;
			buildSettings = {
				ASSETCATALOG_COMPILER_APPICON_NAME = AppIcon;
				ASSETCATALOG_COMPILER_GLOBAL_ACCENT_COLOR_NAME = AccentColor;
				CODE_SIGN_STYLE = Automatic;
				CURRENT_PROJECT_VERSION = 1;
				GENERATE_INFOPLIST_FILE = YES;
				INFOPLIST_FILE = goracing/Info.plist;
				INFOPLIST_KEY_UIApplicationSupportsIndirectInputEvents = YES;
				INFOPLIST_KEY_UILaunchStoryboardName = LaunchScreen;
				INFOPLIST_KEY_UIMainStoryboardFile = Main;
				INFOPLIST_KEY_UISupportedInterfaceOrientations_iPad = "UIInterfaceOrientationPortrait UIInterfaceOrientationPortraitUpsideDown UIInterfaceOrientationLandscapeLeft UIInterfaceOrientationLandscapeRight";
				INFOPLIST_KEY_UISupportedInterfaceOrientations_iPhone = "UIInterfaceOrientationPortrait UIInterfaceOrientationLandscapeLeft UIInterfaceOrientationLandscapeRight";
				LD_RUNPATH_SEARCH_PATHS = (
					"$(inherited)",
					"@executable_path/Frameworks",
				);
				MARKETING_VERSION = 1.0;
				PRODUCT_BUNDLE_IDENTIFIER = yakse.goracing;
				PRODUCT_NAME = "$(TARGET_NAME)";
				SWIFT_EMIT_LOC_STRINGS = YES;
				SWIFT_VERSION = 5.0;
				TARGETED_DEVICE_FAMILY = "1,2";
			};
			name = Debug;
		};
		AC625CD6281792AC006A34D1 /* Release */ = {
			isa = XCBuildConfiguration;
			buildSettings = {
				ASSETCATALOG_COMPILER_APPICON_NAME = AppIcon;
				ASSETCATALOG_COMPILER_GLOBAL_ACCENT_COLOR_NAME = AccentColor;
				CODE_SIGN_STYLE = Automatic;
				CURRENT_PROJECT_VERSION = 1;
				GENERATE_INFOPLIST_FILE = YES;
				INFOPLIST_FILE = goracing/Info.plist;
				INFOPLIST_KEY_UIApplicationSupportsIndirectInputEvents = YES;
				INFOPLIST_KEY_UILaunchStoryboardName = LaunchScreen;
				INFOPLIST_KEY_UIMainStoryboardFile = Main;
				INFOPLIST_KEY_UISupportedInterfaceOrientations_iPad = "UIInterfaceOrientationPortrait UIInterfaceOrientationPortraitUpsideDown UIInterfaceOrientationLandscapeLeft UIInterfaceOrientationLandscapeRight";
				INFOPLIST_KEY_UISupportedInterfaceOrientations_iPhone = "UIInterfaceOrientationPortrait UIInterfaceOrientationLandscapeLeft UIInterfaceOrientationLandscapeRight";
				LD_RUNPATH_SEARCH_PATHS = (
					"$(inherited)",
					"@executable_path/Frameworks",
				);
				MARKETING_VERSION = 1.0;
				PRODUCT_BUNDLE_IDENTIFIER = yakse.goracing;
				PRODUCT_NAME = "$(TARGET_NAME)";
				SWIFT_EMIT_LOC_STRINGS = YES;
				SWIFT_VERSION = 5.0;
				TARGETED_DEVICE_FAMILY = "1,2";
			};
			name = Release;
		};
		AC625CD8281792AC006A34D1 /* Debug */ = {
			isa = XCBuildConfiguration;
			buildSettings = {
				ALWAYS_EMBED_SWIFT_STANDARD_LIBRARIES = YES;
				BUNDLE_LOADER = "$(TEST_HOST)";
				CODE_SIGN_STYLE = Automatic;
				CURRENT_PROJECT_VERSION = 1;
				GENERATE_INFOPLIST_FILE = YES;
				IPHONEOS_DEPLOYMENT_TARGET = 15.2;
				MARKETING_VERSION = 1.0;
				PRODUCT_BUNDLE_IDENTIFIER = yakse.goracingTests;
				PRODUCT_NAME = "$(TARGET_NAME)";
				SWIFT_EMIT_LOC_STRINGS = NO;
				SWIFT_VERSION = 5.0;
				TARGETED_DEVICE_FAMILY = "1,2";
				TEST_HOST = "$(BUILT_PRODUCTS_DIR)/goracing.app/goracing";
			};
			name = Debug;
		};
		AC625CD9281792AC006A34D1 /* Release */ = {
			isa = XCBuildConfiguration;
			buildSettings = {
				ALWAYS_EMBED_SWIFT_STANDARD_LIBRARIES = YES;
				BUNDLE_LOADER = "$(TEST_HOST)";
				CODE_SIGN_STYLE = Automatic;
				CURRENT_PROJECT_VERSION = 1;
				GENERATE_INFOPLIST_FILE = YES;
				IPHONEOS_DEPLOYMENT_TARGET = 15.2;
				MARKETING_VERSION = 1.0;
				PRODUCT_BUNDLE_IDENTIFIER = yakse.goracingTests;
				PRODUCT_NAME = "$(TARGET_NAME)";
				SWIFT_EMIT_LOC_STRINGS = NO;
				SWIFT_VERSION = 5.0;
				TARGETED_DEVICE_FAMILY = "1,2";
				TEST_HOST = "$(BUILT_PRODUCTS_DIR)/goracing.app/goracing";
			};
			name = Release;
		};
		AC625CDB281792AC006A34D1 /* Debug */ = {
			isa = XCBuildConfiguration;
			buildSettings = {
				ALWAYS_EMBED_SWIFT_STANDARD_LIBRARIES = YES;
				CODE_SIGN_STYLE = Automatic;
				CURRENT_PROJECT_VERSION = 1;
				GENERATE_INFOPLIST_FILE = YES;
				MARKETING_VERSION = 1.0;
				PRODUCT_BUNDLE_IDENTIFIER = yakse.goracingUITests;
				PRODUCT_NAME = "$(TARGET_NAME)";
				SWIFT_EMIT_LOC_STRINGS = NO;
				SWIFT_VERSION = 5.0;
				TARGETED_DEVICE_FAMILY = "1,2";
				TEST_TARGET_NAME = goracing;
			};
			name = Debug;
		};
		AC625CDC281792AC006A34D1 /* Release */ = {
			isa = XCBuildConfiguration;
			buildSettings = {
				ALWAYS_EMBED_SWIFT_STANDARD_LIBRARIES = YES;
				CODE_SIGN_STYLE = Automatic;
				CURRENT_PROJECT_VERSION = 1;
				GENERATE_INFOPLIST_FILE = YES;
				MARKETING_VERSION = 1.0;
				PRODUCT_BUNDLE_IDENTIFIER = yakse.goracingUITests;
				PRODUCT_NAME = "$(TARGET_NAME)";
				SWIFT_EMIT_LOC_STRINGS = NO;
				SWIFT_VERSION = 5.0;
				TARGETED_DEVICE_FAMILY = "1,2";
				TEST_TARGET_NAME = goracing;
			};
			name = Release;
		};
/* End XCBuildConfiguration section */

/* Begin XCConfigurationList section */
		AC625CA5281792AA006A34D1 /* Build configuration list for PBXProject "goracing" */ = {
			isa = XCConfigurationList;
			buildConfigurations = (
				AC625CD2281792AC006A34D1 /* Debug */,
				AC625CD3281792AC006A34D1 /* Release */,
			);
			defaultConfigurationIsVisible = 0;
			defaultConfigurationName = Release;
		};
		AC625CD4281792AC006A34D1 /* Build configuration list for PBXNativeTarget "goracing" */ = {
			isa = XCConfigurationList;
			buildConfigurations = (
				AC625CD5281792AC006A34D1 /* Debug */,
				AC625CD6281792AC006A34D1 /* Release */,
			);
			defaultConfigurationIsVisible = 0;
			defaultConfigurationName = Release;
		};
		AC625CD7281792AC006A34D1 /* Build configuration list for PBXNativeTarget "goracingTests" */ = {
			isa = XCConfigurationList;
			buildConfigurations = (
				AC625CD8281792AC006A34D1 /* Debug */,
				AC625CD9281792AC006A34D1 /* Release */,
			);
			defaultConfigurationIsVisible = 0;
			defaultConfigurationName = Release;
		};
		AC625CDA281792AC006A34D1 /* Build configuration list for PBXNativeTarget "goracingUITests" */ = {
			isa = XCConfigurationList;
			buildConfigurations = (
				AC625CDB281792AC006A34D1 /* Debug */,
				AC625CDC281792AC006A34D1 /* Release */,
			);
			defaultConfigurationIsVisible = 0;
			defaultConfigurationName = Release;
		};
/* End XCConfigurationList section */
	};
	rootObject = AC625CA2281792AA006A34D1 /* Project object */;
}
